
Microsoft Visual Studio Solution File, Format Version 12.00
# Visual Studio Version 17
VisualStudioVersion = 17.4.33122.133
MinimumVisualStudioVersion = 10.0.40219.1
Project("{FAE04EC0-301F-11D3-BF4B-00C04F79EFBC}") = "HocTiengAnhOnline", "HocTiengAnhOnline\HocTiengAnhOnline.csproj", "{1423F40C-05A2-4963-8690-EA7394896F21}"
EndProject
Global
	GlobalSection(SolutionConfigurationPlatforms) = preSolution
		Debug|Any CPU = Debug|Any CPU
		Release|Any CPU = Release|Any CPU
	EndGlobalSection
	GlobalSection(ProjectConfigurationPlatforms) = postSolution
		{1423F40C-05A2-4963-8690-EA7394896F21}.Debug|Any CPU.ActiveCfg = Debug|Any CPU
		{1423F40C-05A2-4963-8690-EA7394896F21}.Debug|Any CPU.Build.0 = Debug|Any CPU
		{1423F40C-05A2-4963-8690-EA7394896F21}.Release|Any CPU.ActiveCfg = Release|Any CPU
		{1423F40C-05A2-4963-8690-EA7394896F21}.Release|Any CPU.Build.0 = Release|Any CPU
	EndGlobalSection
	GlobalSection(SolutionProperties) = preSolution
		HideSolutionNode = FALSE
	EndGlobalSection
	GlobalSection(ExtensibilityGlobals) = postSolution
		SolutionGuid = {936204FE-D8E5-4A5D-8D60-F64EC7FD6DA6}
	EndGlobalSection
EndGlobal
